
Microsoft Visual Studio Solution File, Format Version 12.00
# Visual Studio 15
VisualStudioVersion = 15.0.26124.0
MinimumVisualStudioVersion = 15.0.26124.0
Project("{2150E333-8FDC-42A3-9474-1A3956D46DE8}") = "src", "src", "{FD2CF3ED-8C86-44DC-ABEF-4B6302D7552F}"
EndProject
Project("{F2A71F9B-5D33-465A-A702-920D77279786}") = "Console", "src\Console\Console.fsproj", "{ED8813AC-D77D-4F65-90F2-A2EB5E274F4D}"
EndProject
Project("{F2A71F9B-5D33-465A-A702-920D77279786}") = "myLib", "src\Lib\myLib.fsproj", "{56ECF525-F5B5-4846-AA9D-21E80E043A2A}"
EndProject
Global
	GlobalSection(SolutionConfigurationPlatforms) = preSolution
		Debug|Any CPU = Debug|Any CPU
		Debug|x64 = Debug|x64
		Debug|x86 = Debug|x86
		Release|Any CPU = Release|Any CPU
		Release|x64 = Release|x64
		Release|x86 = Release|x86
	EndGlobalSection
	GlobalSection(SolutionProperties) = preSolution
		HideSolutionNode = FALSE
	EndGlobalSection
	GlobalSection(ProjectConfigurationPlatforms) = postSolution
		{ED8813AC-D77D-4F65-90F2-A2EB5E274F4D}.Debug|Any CPU.ActiveCfg = Debug|Any CPU
		{ED8813AC-D77D-4F65-90F2-A2EB5E274F4D}.Debug|Any CPU.Build.0 = Debug|Any CPU
		{ED8813AC-D77D-4F65-90F2-A2EB5E274F4D}.Debug|x64.ActiveCfg = Debug|Any CPU
		{ED8813AC-D77D-4F65-90F2-A2EB5E274F4D}.Debug|x64.Build.0 = Debug|Any CPU
		{ED8813AC-D77D-4F65-90F2-A2EB5E274F4D}.Debug|x86.ActiveCfg = Debug|Any CPU
		{ED8813AC-D77D-4F65-90F2-A2EB5E274F4D}.Debug|x86.Build.0 = Debug|Any CPU
		{ED8813AC-D77D-4F65-90F2-A2EB5E274F4D}.Release|Any CPU.ActiveCfg = Release|Any CPU
		{ED8813AC-D77D-4F65-90F2-A2EB5E274F4D}.Release|Any CPU.Build.0 = Release|Any CPU
		{ED8813AC-D77D-4F65-90F2-A2EB5E274F4D}.Release|x64.ActiveCfg = Release|Any CPU
		{ED8813AC-D77D-4F65-90F2-A2EB5E274F4D}.Release|x64.Build.0 = Release|Any CPU
		{ED8813AC-D77D-4F65-90F2-A2EB5E274F4D}.Release|x86.ActiveCfg = Release|Any CPU
		{ED8813AC-D77D-4F65-90F2-A2EB5E274F4D}.Release|x86.Build.0 = Release|Any CPU
		{56ECF525-F5B5-4846-AA9D-21E80E043A2A}.Debug|Any CPU.ActiveCfg = Debug|Any CPU
		{56ECF525-F5B5-4846-AA9D-21E80E043A2A}.Debug|Any CPU.Build.0 = Debug|Any CPU
		{56ECF525-F5B5-4846-AA9D-21E80E043A2A}.Debug|x64.ActiveCfg = Debug|Any CPU
		{56ECF525-F5B5-4846-AA9D-21E80E043A2A}.Debug|x64.Build.0 = Debug|Any CPU
		{56ECF525-F5B5-4846-AA9D-21E80E043A2A}.Debug|x86.ActiveCfg = Debug|Any CPU
		{56ECF525-F5B5-4846-AA9D-21E80E043A2A}.Debug|x86.Build.0 = Debug|Any CPU
		{56ECF525-F5B5-4846-AA9D-21E80E043A2A}.Release|Any CPU.ActiveCfg = Release|Any CPU
		{56ECF525-F5B5-4846-AA9D-21E80E043A2A}.Release|Any CPU.Build.0 = Release|Any CPU
		{56ECF525-F5B5-4846-AA9D-21E80E043A2A}.Release|x64.ActiveCfg = Release|Any CPU
		{56ECF525-F5B5-4846-AA9D-21E80E043A2A}.Release|x64.Build.0 = Release|Any CPU
		{56ECF525-F5B5-4846-AA9D-21E80E043A2A}.Release|x86.ActiveCfg = Release|Any CPU
		{56ECF525-F5B5-4846-AA9D-21E80E043A2A}.Release|x86.Build.0 = Release|Any CPU
	EndGlobalSection
	GlobalSection(NestedProjects) = preSolution
		{ED8813AC-D77D-4F65-90F2-A2EB5E274F4D} = {FD2CF3ED-8C86-44DC-ABEF-4B6302D7552F}
		{56ECF525-F5B5-4846-AA9D-21E80E043A2A} = {FD2CF3ED-8C86-44DC-ABEF-4B6302D7552F}
	EndGlobalSection
EndGlobal
